
Microsoft Visual Studio Solution File, Format Version 12.00
# Visual Studio Version 17
VisualStudioVersion = 17.11.35303.130
MinimumVisualStudioVersion = 10.0.40219.1
Project("{9A19103F-16F7-4668-BE54-9A1E7A4F7556}") = "Ex01", "Ex1\Ex01.csproj", "{38043CDB-0B99-4DDE-8FE8-1D1296200D27}"
EndProject
Project("{9A19103F-16F7-4668-BE54-9A1E7A4F7556}") = "Ex02", "Ex2\Ex02.csproj", "{455E2C1E-3FD5-4A40-B9FF-FEE250D5FBEA}"
EndProject
Project("{9A19103F-16F7-4668-BE54-9A1E7A4F7556}") = "Ex03", "Ex3\Ex03.csproj", "{1031D59E-6C5C-4E8F-99CA-45E42C82A690}"
EndProject
Project("{9A19103F-16F7-4668-BE54-9A1E7A4F7556}") = "Ex04", "Ex4\Ex04.csproj", "{A89509A0-3AA1-49CB-9582-ED92F770B4F9}"
EndProject
Project("{9A19103F-16F7-4668-BE54-9A1E7A4F7556}") = "Ex05", "Ex05\Ex05.csproj", "{87A9E22E-B58A-4CF6-A9A8-E2230460C7D0}"
EndProject
Project("{9A19103F-16F7-4668-BE54-9A1E7A4F7556}") = "Ex06", "Ex06\Ex06.csproj", "{A2B7F4D1-F49C-44A4-9348-6AB5BF780A3E}"
EndProject
Project("{9A19103F-16F7-4668-BE54-9A1E7A4F7556}") = "Ex07", "Ex07\Ex07.csproj", "{045B68C6-28DE-4CBE-87A7-AC37D163B986}"
EndProject
Project("{9A19103F-16F7-4668-BE54-9A1E7A4F7556}") = "Ex08", "Ex08\Ex08.csproj", "{F20B6132-08CF-4783-ACD2-F8CA7134E1B3}"
EndProject
Project("{9A19103F-16F7-4668-BE54-9A1E7A4F7556}") = "Ex09", "Ex09\Ex09.csproj", "{B30B7595-D13D-48EF-B9E8-2320A1E915B5}"
EndProject
Project("{9A19103F-16F7-4668-BE54-9A1E7A4F7556}") = "Ex10", "Ex10\Ex10.csproj", "{6554C18A-B1AA-4723-A901-B451D8EB781E}"
EndProject
Project("{9A19103F-16F7-4668-BE54-9A1E7A4F7556}") = "Ex11", "Ex11\Ex11.csproj", "{66C48565-F314-4F7C-88AE-B7692291D2BE}"
EndProject
Project("{9A19103F-16F7-4668-BE54-9A1E7A4F7556}") = "Ex12", "Ex12\Ex12.csproj", "{56BD61F3-8AA4-4B14-9349-DDB3C551FDD7}"
EndProject
Project("{9A19103F-16F7-4668-BE54-9A1E7A4F7556}") = "Ex13", "Ex13\Ex13.csproj", "{92C2F602-2188-48D3-A5F4-1CE07505BFCA}"
EndProject
Project("{9A19103F-16F7-4668-BE54-9A1E7A4F7556}") = "Ex14", "Ex14\Ex14.csproj", "{8F8F4F15-5390-4EF9-8063-D1076235F0C1}"
EndProject
Project("{FAE04EC0-301F-11D3-BF4B-00C04F79EFBC}") = "Ex15", "Ex15\Ex15.csproj", "{A36227D2-083B-46D0-A813-C65BF60A7EFD}"
EndProject
Project("{FAE04EC0-301F-11D3-BF4B-00C04F79EFBC}") = "Ex16", "Ex16\Ex16.csproj", "{2943A0E9-D1D8-41D2-B2E5-FD31A6F3846C}"
EndProject
Project("{FAE04EC0-301F-11D3-BF4B-00C04F79EFBC}") = "Ex17", "Ex17\Ex17.csproj", "{5A92A436-0CB2-4EF3-9571-641AF5FAFB41}"
EndProject
Project("{FAE04EC0-301F-11D3-BF4B-00C04F79EFBC}") = "Ex18", "Ex18\Ex18.csproj", "{4171668C-6A4A-42C1-8C12-52AAE1EEDB0A}"
EndProject
Global
	GlobalSection(SolutionConfigurationPlatforms) = preSolution
		Debug|Any CPU = Debug|Any CPU
		Release|Any CPU = Release|Any CPU
	EndGlobalSection
	GlobalSection(ProjectConfigurationPlatforms) = postSolution
		{38043CDB-0B99-4DDE-8FE8-1D1296200D27}.Debug|Any CPU.ActiveCfg = Debug|Any CPU
		{38043CDB-0B99-4DDE-8FE8-1D1296200D27}.Debug|Any CPU.Build.0 = Debug|Any CPU
		{38043CDB-0B99-4DDE-8FE8-1D1296200D27}.Release|Any CPU.ActiveCfg = Release|Any CPU
		{38043CDB-0B99-4DDE-8FE8-1D1296200D27}.Release|Any CPU.Build.0 = Release|Any CPU
		{455E2C1E-3FD5-4A40-B9FF-FEE250D5FBEA}.Debug|Any CPU.ActiveCfg = Debug|Any CPU
		{455E2C1E-3FD5-4A40-B9FF-FEE250D5FBEA}.Debug|Any CPU.Build.0 = Debug|Any CPU
		{455E2C1E-3FD5-4A40-B9FF-FEE250D5FBEA}.Release|Any CPU.ActiveCfg = Release|Any CPU
		{455E2C1E-3FD5-4A40-B9FF-FEE250D5FBEA}.Release|Any CPU.Build.0 = Release|Any CPU
		{1031D59E-6C5C-4E8F-99CA-45E42C82A690}.Debug|Any CPU.ActiveCfg = Debug|Any CPU
		{1031D59E-6C5C-4E8F-99CA-45E42C82A690}.Debug|Any CPU.Build.0 = Debug|Any CPU
		{1031D59E-6C5C-4E8F-99CA-45E42C82A690}.Release|Any CPU.ActiveCfg = Release|Any CPU
		{1031D59E-6C5C-4E8F-99CA-45E42C82A690}.Release|Any CPU.Build.0 = Release|Any CPU
		{A89509A0-3AA1-49CB-9582-ED92F770B4F9}.Debug|Any CPU.ActiveCfg = Debug|Any CPU
		{A89509A0-3AA1-49CB-9582-ED92F770B4F9}.Debug|Any CPU.Build.0 = Debug|Any CPU
		{A89509A0-3AA1-49CB-9582-ED92F770B4F9}.Release|Any CPU.ActiveCfg = Release|Any CPU
		{A89509A0-3AA1-49CB-9582-ED92F770B4F9}.Release|Any CPU.Build.0 = Release|Any CPU
		{87A9E22E-B58A-4CF6-A9A8-E2230460C7D0}.Debug|Any CPU.ActiveCfg = Debug|Any CPU
		{87A9E22E-B58A-4CF6-A9A8-E2230460C7D0}.Debug|Any CPU.Build.0 = Debug|Any CPU
		{87A9E22E-B58A-4CF6-A9A8-E2230460C7D0}.Release|Any CPU.ActiveCfg = Release|Any CPU
		{87A9E22E-B58A-4CF6-A9A8-E2230460C7D0}.Release|Any CPU.Build.0 = Release|Any CPU
		{A2B7F4D1-F49C-44A4-9348-6AB5BF780A3E}.Debug|Any CPU.ActiveCfg = Debug|Any CPU
		{A2B7F4D1-F49C-44A4-9348-6AB5BF780A3E}.Debug|Any CPU.Build.0 = Debug|Any CPU
		{A2B7F4D1-F49C-44A4-9348-6AB5BF780A3E}.Release|Any CPU.ActiveCfg = Release|Any CPU
		{A2B7F4D1-F49C-44A4-9348-6AB5BF780A3E}.Release|Any CPU.Build.0 = Release|Any CPU
		{045B68C6-28DE-4CBE-87A7-AC37D163B986}.Debug|Any CPU.ActiveCfg = Debug|Any CPU
		{045B68C6-28DE-4CBE-87A7-AC37D163B986}.Debug|Any CPU.Build.0 = Debug|Any CPU
		{045B68C6-28DE-4CBE-87A7-AC37D163B986}.Release|Any CPU.ActiveCfg = Release|Any CPU
		{045B68C6-28DE-4CBE-87A7-AC37D163B986}.Release|Any CPU.Build.0 = Release|Any CPU
		{F20B6132-08CF-4783-ACD2-F8CA7134E1B3}.Debug|Any CPU.ActiveCfg = Debug|Any CPU
		{F20B6132-08CF-4783-ACD2-F8CA7134E1B3}.Debug|Any CPU.Build.0 = Debug|Any CPU
		{F20B6132-08CF-4783-ACD2-F8CA7134E1B3}.Release|Any CPU.ActiveCfg = Release|Any CPU
		{F20B6132-08CF-4783-ACD2-F8CA7134E1B3}.Release|Any CPU.Build.0 = Release|Any CPU
		{B30B7595-D13D-48EF-B9E8-2320A1E915B5}.Debug|Any CPU.ActiveCfg = Debug|Any CPU
		{B30B7595-D13D-48EF-B9E8-2320A1E915B5}.Debug|Any CPU.Build.0 = Debug|Any CPU
		{B30B7595-D13D-48EF-B9E8-2320A1E915B5}.Release|Any CPU.ActiveCfg = Release|Any CPU
		{B30B7595-D13D-48EF-B9E8-2320A1E915B5}.Release|Any CPU.Build.0 = Release|Any CPU
		{6554C18A-B1AA-4723-A901-B451D8EB781E}.Debug|Any CPU.ActiveCfg = Debug|Any CPU
		{6554C18A-B1AA-4723-A901-B451D8EB781E}.Debug|Any CPU.Build.0 = Debug|Any CPU
		{6554C18A-B1AA-4723-A901-B451D8EB781E}.Release|Any CPU.ActiveCfg = Release|Any CPU
		{6554C18A-B1AA-4723-A901-B451D8EB781E}.Release|Any CPU.Build.0 = Release|Any CPU
		{66C48565-F314-4F7C-88AE-B7692291D2BE}.Debug|Any CPU.ActiveCfg = Debug|Any CPU
		{66C48565-F314-4F7C-88AE-B7692291D2BE}.Debug|Any CPU.Build.0 = Debug|Any CPU
		{66C48565-F314-4F7C-88AE-B7692291D2BE}.Release|Any CPU.ActiveCfg = Release|Any CPU
		{66C48565-F314-4F7C-88AE-B7692291D2BE}.Release|Any CPU.Build.0 = Release|Any CPU
		{56BD61F3-8AA4-4B14-9349-DDB3C551FDD7}.Debug|Any CPU.ActiveCfg = Debug|Any CPU
		{56BD61F3-8AA4-4B14-9349-DDB3C551FDD7}.Debug|Any CPU.Build.0 = Debug|Any CPU
		{56BD61F3-8AA4-4B14-9349-DDB3C551FDD7}.Release|Any CPU.ActiveCfg = Release|Any CPU
		{56BD61F3-8AA4-4B14-9349-DDB3C551FDD7}.Release|Any CPU.Build.0 = Release|Any CPU
		{92C2F602-2188-48D3-A5F4-1CE07505BFCA}.Debug|Any CPU.ActiveCfg = Debug|Any CPU
		{92C2F602-2188-48D3-A5F4-1CE07505BFCA}.Debug|Any CPU.Build.0 = Debug|Any CPU
		{92C2F602-2188-48D3-A5F4-1CE07505BFCA}.Release|Any CPU.ActiveCfg = Release|Any CPU
		{92C2F602-2188-48D3-A5F4-1CE07505BFCA}.Release|Any CPU.Build.0 = Release|Any CPU
		{8F8F4F15-5390-4EF9-8063-D1076235F0C1}.Debug|Any CPU.ActiveCfg = Debug|Any CPU
		{8F8F4F15-5390-4EF9-8063-D1076235F0C1}.Debug|Any CPU.Build.0 = Debug|Any CPU
		{8F8F4F15-5390-4EF9-8063-D1076235F0C1}.Release|Any CPU.ActiveCfg = Release|Any CPU
		{8F8F4F15-5390-4EF9-8063-D1076235F0C1}.Release|Any CPU.Build.0 = Release|Any CPU
		{A36227D2-083B-46D0-A813-C65BF60A7EFD}.Debug|Any CPU.ActiveCfg = Debug|Any CPU
		{A36227D2-083B-46D0-A813-C65BF60A7EFD}.Debug|Any CPU.Build.0 = Debug|Any CPU
		{A36227D2-083B-46D0-A813-C65BF60A7EFD}.Release|Any CPU.ActiveCfg = Release|Any CPU
		{A36227D2-083B-46D0-A813-C65BF60A7EFD}.Release|Any CPU.Build.0 = Release|Any CPU
		{2943A0E9-D1D8-41D2-B2E5-FD31A6F3846C}.Debug|Any CPU.ActiveCfg = Debug|Any CPU
		{2943A0E9-D1D8-41D2-B2E5-FD31A6F3846C}.Debug|Any CPU.Build.0 = Debug|Any CPU
		{2943A0E9-D1D8-41D2-B2E5-FD31A6F3846C}.Release|Any CPU.ActiveCfg = Release|Any CPU
		{2943A0E9-D1D8-41D2-B2E5-FD31A6F3846C}.Release|Any CPU.Build.0 = Release|Any CPU
		{5A92A436-0CB2-4EF3-9571-641AF5FAFB41}.Debug|Any CPU.ActiveCfg = Debug|Any CPU
		{5A92A436-0CB2-4EF3-9571-641AF5FAFB41}.Debug|Any CPU.Build.0 = Debug|Any CPU
		{5A92A436-0CB2-4EF3-9571-641AF5FAFB41}.Release|Any CPU.ActiveCfg = Release|Any CPU
		{5A92A436-0CB2-4EF3-9571-641AF5FAFB41}.Release|Any CPU.Build.0 = Release|Any CPU
		{4171668C-6A4A-42C1-8C12-52AAE1EEDB0A}.Debug|Any CPU.ActiveCfg = Debug|Any CPU
		{4171668C-6A4A-42C1-8C12-52AAE1EEDB0A}.Debug|Any CPU.Build.0 = Debug|Any CPU
		{4171668C-6A4A-42C1-8C12-52AAE1EEDB0A}.Release|Any CPU.ActiveCfg = Release|Any CPU
		{4171668C-6A4A-42C1-8C12-52AAE1EEDB0A}.Release|Any CPU.Build.0 = Release|Any CPU
	EndGlobalSection
	GlobalSection(SolutionProperties) = preSolution
		HideSolutionNode = FALSE
	EndGlobalSection
	GlobalSection(ExtensibilityGlobals) = postSolution
		SolutionGuid = {F8750233-D535-4F84-B673-E2944BBA5998}
	EndGlobalSection
EndGlobal
