
Microsoft Visual Studio Solution File, Format Version 12.00
# Visual Studio Version 17
VisualStudioVersion = 17.11.35327.3
MinimumVisualStudioVersion = 10.0.40219.1
Project("{9A19103F-16F7-4668-BE54-9A1E7A4F7556}") = "Ex01", "Ex01\Ex01.csproj", "{5AB3DDF9-B3A9-4C0E-B6A5-4B443C4BBBA5}"
EndProject
Project("{9A19103F-16F7-4668-BE54-9A1E7A4F7556}") = "Ex03", "Ex03\Ex03.csproj", "{2CF7BCD3-5FFF-4ACF-ACF9-D240339B06F6}"
EndProject
Project("{9A19103F-16F7-4668-BE54-9A1E7A4F7556}") = "Ex10", "Ex10\Ex10.csproj", "{39722629-8C7D-4B7F-8E2C-6D9FE450CDBC}"
EndProject
Project("{9A19103F-16F7-4668-BE54-9A1E7A4F7556}") = "Ex07", "Ex07\Ex07.csproj", "{7FAD10E0-B2EA-4C59-A3F6-D379170BA730}"
EndProject
Project("{9A19103F-16F7-4668-BE54-9A1E7A4F7556}") = "Ex02", "Ex02\Ex02.csproj", "{EA6C0C6D-0F84-4A41-8D97-3458B9CD2222}"
EndProject
Project("{9A19103F-16F7-4668-BE54-9A1E7A4F7556}") = "Ex04", "Ex04\Ex04.csproj", "{3A5886FD-D690-45E2-941D-5DBE846E98B4}"
EndProject
Project("{9A19103F-16F7-4668-BE54-9A1E7A4F7556}") = "Ex05", "Ex05\Ex05.csproj", "{E0F51457-B2D6-42FA-BADB-28968C900D80}"
EndProject
Project("{9A19103F-16F7-4668-BE54-9A1E7A4F7556}") = "Ex09", "Ex09\Ex09.csproj", "{326C3194-5B00-4E56-B932-DF655C5FC744}"
EndProject
Project("{9A19103F-16F7-4668-BE54-9A1E7A4F7556}") = "Ex08", "Ex08\Ex08.csproj", "{854199A9-F14D-4818-A3C2-AA42EEAD98E1}"
EndProject
Project("{9A19103F-16F7-4668-BE54-9A1E7A4F7556}") = "Ex12", "Ex12\Ex12.csproj", "{453F4B9A-0313-45EF-AA8C-6627A43C4759}"
EndProject
Project("{9A19103F-16F7-4668-BE54-9A1E7A4F7556}") = "Ex13", "Ex13\Ex13.csproj", "{FFBB5D7E-BB5B-43A3-B220-C6AC15EA9BA3}"
EndProject
Project("{9A19103F-16F7-4668-BE54-9A1E7A4F7556}") = "Ex14", "Ex14\Ex14.csproj", "{E09F6AE2-8C1F-4E8E-8EE7-FC7BAA738D4B}"
EndProject
Project("{9A19103F-16F7-4668-BE54-9A1E7A4F7556}") = "Ex15", "Ex15\Ex15.csproj", "{B3277540-EEB8-4182-A61E-48B1CD98933E}"
EndProject
Project("{FAE04EC0-301F-11D3-BF4B-00C04F79EFBC}") = "Ex16", "Ex16\Ex16.csproj", "{22887579-C25C-41F9-83A0-C4C1543401F2}"
EndProject
Global
	GlobalSection(SolutionConfigurationPlatforms) = preSolution
		Debug|Any CPU = Debug|Any CPU
		Release|Any CPU = Release|Any CPU
	EndGlobalSection
	GlobalSection(ProjectConfigurationPlatforms) = postSolution
		{5AB3DDF9-B3A9-4C0E-B6A5-4B443C4BBBA5}.Debug|Any CPU.ActiveCfg = Debug|Any CPU
		{5AB3DDF9-B3A9-4C0E-B6A5-4B443C4BBBA5}.Debug|Any CPU.Build.0 = Debug|Any CPU
		{5AB3DDF9-B3A9-4C0E-B6A5-4B443C4BBBA5}.Release|Any CPU.ActiveCfg = Release|Any CPU
		{5AB3DDF9-B3A9-4C0E-B6A5-4B443C4BBBA5}.Release|Any CPU.Build.0 = Release|Any CPU
		{2CF7BCD3-5FFF-4ACF-ACF9-D240339B06F6}.Debug|Any CPU.ActiveCfg = Debug|Any CPU
		{2CF7BCD3-5FFF-4ACF-ACF9-D240339B06F6}.Debug|Any CPU.Build.0 = Debug|Any CPU
		{2CF7BCD3-5FFF-4ACF-ACF9-D240339B06F6}.Release|Any CPU.ActiveCfg = Release|Any CPU
		{2CF7BCD3-5FFF-4ACF-ACF9-D240339B06F6}.Release|Any CPU.Build.0 = Release|Any CPU
		{39722629-8C7D-4B7F-8E2C-6D9FE450CDBC}.Debug|Any CPU.ActiveCfg = Debug|Any CPU
		{39722629-8C7D-4B7F-8E2C-6D9FE450CDBC}.Debug|Any CPU.Build.0 = Debug|Any CPU
		{39722629-8C7D-4B7F-8E2C-6D9FE450CDBC}.Release|Any CPU.ActiveCfg = Release|Any CPU
		{39722629-8C7D-4B7F-8E2C-6D9FE450CDBC}.Release|Any CPU.Build.0 = Release|Any CPU
		{7FAD10E0-B2EA-4C59-A3F6-D379170BA730}.Debug|Any CPU.ActiveCfg = Debug|Any CPU
		{7FAD10E0-B2EA-4C59-A3F6-D379170BA730}.Debug|Any CPU.Build.0 = Debug|Any CPU
		{7FAD10E0-B2EA-4C59-A3F6-D379170BA730}.Release|Any CPU.ActiveCfg = Release|Any CPU
		{7FAD10E0-B2EA-4C59-A3F6-D379170BA730}.Release|Any CPU.Build.0 = Release|Any CPU
		{EA6C0C6D-0F84-4A41-8D97-3458B9CD2222}.Debug|Any CPU.ActiveCfg = Debug|Any CPU
		{EA6C0C6D-0F84-4A41-8D97-3458B9CD2222}.Debug|Any CPU.Build.0 = Debug|Any CPU
		{EA6C0C6D-0F84-4A41-8D97-3458B9CD2222}.Release|Any CPU.ActiveCfg = Release|Any CPU
		{EA6C0C6D-0F84-4A41-8D97-3458B9CD2222}.Release|Any CPU.Build.0 = Release|Any CPU
		{3A5886FD-D690-45E2-941D-5DBE846E98B4}.Debug|Any CPU.ActiveCfg = Debug|Any CPU
		{3A5886FD-D690-45E2-941D-5DBE846E98B4}.Debug|Any CPU.Build.0 = Debug|Any CPU
		{3A5886FD-D690-45E2-941D-5DBE846E98B4}.Release|Any CPU.ActiveCfg = Release|Any CPU
		{3A5886FD-D690-45E2-941D-5DBE846E98B4}.Release|Any CPU.Build.0 = Release|Any CPU
		{E0F51457-B2D6-42FA-BADB-28968C900D80}.Debug|Any CPU.ActiveCfg = Debug|Any CPU
		{E0F51457-B2D6-42FA-BADB-28968C900D80}.Debug|Any CPU.Build.0 = Debug|Any CPU
		{E0F51457-B2D6-42FA-BADB-28968C900D80}.Release|Any CPU.ActiveCfg = Release|Any CPU
		{E0F51457-B2D6-42FA-BADB-28968C900D80}.Release|Any CPU.Build.0 = Release|Any CPU
		{326C3194-5B00-4E56-B932-DF655C5FC744}.Debug|Any CPU.ActiveCfg = Debug|Any CPU
		{326C3194-5B00-4E56-B932-DF655C5FC744}.Debug|Any CPU.Build.0 = Debug|Any CPU
		{326C3194-5B00-4E56-B932-DF655C5FC744}.Release|Any CPU.ActiveCfg = Release|Any CPU
		{326C3194-5B00-4E56-B932-DF655C5FC744}.Release|Any CPU.Build.0 = Release|Any CPU
		{854199A9-F14D-4818-A3C2-AA42EEAD98E1}.Debug|Any CPU.ActiveCfg = Debug|Any CPU
		{854199A9-F14D-4818-A3C2-AA42EEAD98E1}.Debug|Any CPU.Build.0 = Debug|Any CPU
		{854199A9-F14D-4818-A3C2-AA42EEAD98E1}.Release|Any CPU.ActiveCfg = Release|Any CPU
		{854199A9-F14D-4818-A3C2-AA42EEAD98E1}.Release|Any CPU.Build.0 = Release|Any CPU
		{453F4B9A-0313-45EF-AA8C-6627A43C4759}.Debug|Any CPU.ActiveCfg = Debug|Any CPU
		{453F4B9A-0313-45EF-AA8C-6627A43C4759}.Debug|Any CPU.Build.0 = Debug|Any CPU
		{453F4B9A-0313-45EF-AA8C-6627A43C4759}.Release|Any CPU.ActiveCfg = Release|Any CPU
		{453F4B9A-0313-45EF-AA8C-6627A43C4759}.Release|Any CPU.Build.0 = Release|Any CPU
		{FFBB5D7E-BB5B-43A3-B220-C6AC15EA9BA3}.Debug|Any CPU.ActiveCfg = Debug|Any CPU
		{FFBB5D7E-BB5B-43A3-B220-C6AC15EA9BA3}.Debug|Any CPU.Build.0 = Debug|Any CPU
		{FFBB5D7E-BB5B-43A3-B220-C6AC15EA9BA3}.Release|Any CPU.ActiveCfg = Release|Any CPU
		{FFBB5D7E-BB5B-43A3-B220-C6AC15EA9BA3}.Release|Any CPU.Build.0 = Release|Any CPU
		{E09F6AE2-8C1F-4E8E-8EE7-FC7BAA738D4B}.Debug|Any CPU.ActiveCfg = Debug|Any CPU
		{E09F6AE2-8C1F-4E8E-8EE7-FC7BAA738D4B}.Debug|Any CPU.Build.0 = Debug|Any CPU
		{E09F6AE2-8C1F-4E8E-8EE7-FC7BAA738D4B}.Release|Any CPU.ActiveCfg = Release|Any CPU
		{E09F6AE2-8C1F-4E8E-8EE7-FC7BAA738D4B}.Release|Any CPU.Build.0 = Release|Any CPU
		{B3277540-EEB8-4182-A61E-48B1CD98933E}.Debug|Any CPU.ActiveCfg = Debug|Any CPU
		{B3277540-EEB8-4182-A61E-48B1CD98933E}.Debug|Any CPU.Build.0 = Debug|Any CPU
		{B3277540-EEB8-4182-A61E-48B1CD98933E}.Release|Any CPU.ActiveCfg = Release|Any CPU
		{B3277540-EEB8-4182-A61E-48B1CD98933E}.Release|Any CPU.Build.0 = Release|Any CPU
		{22887579-C25C-41F9-83A0-C4C1543401F2}.Debug|Any CPU.ActiveCfg = Debug|Any CPU
		{22887579-C25C-41F9-83A0-C4C1543401F2}.Debug|Any CPU.Build.0 = Debug|Any CPU
		{22887579-C25C-41F9-83A0-C4C1543401F2}.Release|Any CPU.ActiveCfg = Release|Any CPU
		{22887579-C25C-41F9-83A0-C4C1543401F2}.Release|Any CPU.Build.0 = Release|Any CPU
	EndGlobalSection
	GlobalSection(SolutionProperties) = preSolution
		HideSolutionNode = FALSE
	EndGlobalSection
	GlobalSection(ExtensibilityGlobals) = postSolution
		SolutionGuid = {7A39AA80-526A-4EB7-B263-308DA338E7E0}
	EndGlobalSection
EndGlobal
