
Microsoft Visual Studio Solution File, Format Version 12.00
# Visual Studio Version 17
VisualStudioVersion = 17.11.35303.130
MinimumVisualStudioVersion = 10.0.40219.1
Project("{9A19103F-16F7-4668-BE54-9A1E7A4F7556}") = "Ex01", "Ex01\Ex01.csproj", "{DCCEB980-8577-481E-869D-E5022DF58173}"
EndProject
Project("{9A19103F-16F7-4668-BE54-9A1E7A4F7556}") = "Ex02", "Ex02\Ex02.csproj", "{3B4A0C0A-E997-48B7-ACF3-286F096B8969}"
EndProject
Project("{9A19103F-16F7-4668-BE54-9A1E7A4F7556}") = "Ex03", "Ex03\Ex03.csproj", "{D7F72D06-8375-41B2-BBE1-6F90F2014BA9}"
EndProject
Project("{9A19103F-16F7-4668-BE54-9A1E7A4F7556}") = "Ex04", "Ex04\Ex04.csproj", "{02BB075E-5662-44A8-A972-9FA6D87989AD}"
EndProject
Project("{9A19103F-16F7-4668-BE54-9A1E7A4F7556}") = "Ex05", "Ex05\Ex05.csproj", "{6A36C665-7094-482B-8C48-F98DFB17986E}"
EndProject
Project("{9A19103F-16F7-4668-BE54-9A1E7A4F7556}") = "Ex06", "Ex06\Ex06.csproj", "{65570801-D97F-4E4F-91C8-F97FA2E01A81}"
EndProject
Project("{9A19103F-16F7-4668-BE54-9A1E7A4F7556}") = "Ex07", "Ex07\Ex07.csproj", "{DEF9C4AE-8477-4F6F-AB2E-BF4FE6272957}"
EndProject
Project("{9A19103F-16F7-4668-BE54-9A1E7A4F7556}") = "Ex08", "Ex08\Ex08.csproj", "{D025B2AA-FCA9-49C6-8C2A-5D72021A9B87}"
EndProject
Project("{9A19103F-16F7-4668-BE54-9A1E7A4F7556}") = "Ex09", "Ex09\Ex09.csproj", "{CDD66399-B451-4466-8D9B-9655F3979D50}"
EndProject
Project("{9A19103F-16F7-4668-BE54-9A1E7A4F7556}") = "Ex10", "Ex10\Ex10.csproj", "{BF07C910-F947-4C8E-8543-42FF5E9EA8FD}"
EndProject
Project("{9A19103F-16F7-4668-BE54-9A1E7A4F7556}") = "Ex30", "Ex30\Ex30.csproj", "{A58C241E-4A82-439F-9C46-B2B1B24AAB21}"
EndProject
Project("{9A19103F-16F7-4668-BE54-9A1E7A4F7556}") = "Ex11", "Ex11\Ex11.csproj", "{45A15398-38B6-4AA2-AC2E-6DCFB5245B41}"
EndProject
Project("{9A19103F-16F7-4668-BE54-9A1E7A4F7556}") = "Ex12", "Ex12\Ex12.csproj", "{7FBCD642-9E77-4169-B888-DE2E159B9E43}"
EndProject
Project("{9A19103F-16F7-4668-BE54-9A1E7A4F7556}") = "Ex13", "Ex13\Ex13.csproj", "{0F65666B-11CA-4B58-AAF1-A4970554F8F3}"
EndProject
Project("{9A19103F-16F7-4668-BE54-9A1E7A4F7556}") = "Ex14", "Ex14\Ex14.csproj", "{42BA1E2A-6C55-4809-ABB5-5C35AD3DC4F2}"
EndProject
Project("{9A19103F-16F7-4668-BE54-9A1E7A4F7556}") = "Ex15", "Ex15\Ex15.csproj", "{BEEE1002-B1FE-4751-A900-DE443A2BD5C4}"
EndProject
Project("{9A19103F-16F7-4668-BE54-9A1E7A4F7556}") = "Ex16", "Ex16\Ex16.csproj", "{A4708DFE-E4D0-42CE-955A-069C9F0DAF6D}"
EndProject
Project("{FAE04EC0-301F-11D3-BF4B-00C04F79EFBC}") = "ExerciciExtra", "ExerciciExtra\ExerciciExtra.csproj", "{E35D1E6C-1BDD-4B69-AE7D-DA11CA1C8C29}"
EndProject
Global
	GlobalSection(SolutionConfigurationPlatforms) = preSolution
		Debug|Any CPU = Debug|Any CPU
		Release|Any CPU = Release|Any CPU
	EndGlobalSection
	GlobalSection(ProjectConfigurationPlatforms) = postSolution
		{DCCEB980-8577-481E-869D-E5022DF58173}.Debug|Any CPU.ActiveCfg = Debug|Any CPU
		{DCCEB980-8577-481E-869D-E5022DF58173}.Debug|Any CPU.Build.0 = Debug|Any CPU
		{DCCEB980-8577-481E-869D-E5022DF58173}.Release|Any CPU.ActiveCfg = Release|Any CPU
		{DCCEB980-8577-481E-869D-E5022DF58173}.Release|Any CPU.Build.0 = Release|Any CPU
		{3B4A0C0A-E997-48B7-ACF3-286F096B8969}.Debug|Any CPU.ActiveCfg = Debug|Any CPU
		{3B4A0C0A-E997-48B7-ACF3-286F096B8969}.Debug|Any CPU.Build.0 = Debug|Any CPU
		{3B4A0C0A-E997-48B7-ACF3-286F096B8969}.Release|Any CPU.ActiveCfg = Release|Any CPU
		{3B4A0C0A-E997-48B7-ACF3-286F096B8969}.Release|Any CPU.Build.0 = Release|Any CPU
		{D7F72D06-8375-41B2-BBE1-6F90F2014BA9}.Debug|Any CPU.ActiveCfg = Debug|Any CPU
		{D7F72D06-8375-41B2-BBE1-6F90F2014BA9}.Debug|Any CPU.Build.0 = Debug|Any CPU
		{D7F72D06-8375-41B2-BBE1-6F90F2014BA9}.Release|Any CPU.ActiveCfg = Release|Any CPU
		{D7F72D06-8375-41B2-BBE1-6F90F2014BA9}.Release|Any CPU.Build.0 = Release|Any CPU
		{02BB075E-5662-44A8-A972-9FA6D87989AD}.Debug|Any CPU.ActiveCfg = Debug|Any CPU
		{02BB075E-5662-44A8-A972-9FA6D87989AD}.Debug|Any CPU.Build.0 = Debug|Any CPU
		{02BB075E-5662-44A8-A972-9FA6D87989AD}.Release|Any CPU.ActiveCfg = Release|Any CPU
		{02BB075E-5662-44A8-A972-9FA6D87989AD}.Release|Any CPU.Build.0 = Release|Any CPU
		{6A36C665-7094-482B-8C48-F98DFB17986E}.Debug|Any CPU.ActiveCfg = Debug|Any CPU
		{6A36C665-7094-482B-8C48-F98DFB17986E}.Debug|Any CPU.Build.0 = Debug|Any CPU
		{6A36C665-7094-482B-8C48-F98DFB17986E}.Release|Any CPU.ActiveCfg = Release|Any CPU
		{6A36C665-7094-482B-8C48-F98DFB17986E}.Release|Any CPU.Build.0 = Release|Any CPU
		{65570801-D97F-4E4F-91C8-F97FA2E01A81}.Debug|Any CPU.ActiveCfg = Debug|Any CPU
		{65570801-D97F-4E4F-91C8-F97FA2E01A81}.Debug|Any CPU.Build.0 = Debug|Any CPU
		{65570801-D97F-4E4F-91C8-F97FA2E01A81}.Release|Any CPU.ActiveCfg = Release|Any CPU
		{65570801-D97F-4E4F-91C8-F97FA2E01A81}.Release|Any CPU.Build.0 = Release|Any CPU
		{DEF9C4AE-8477-4F6F-AB2E-BF4FE6272957}.Debug|Any CPU.ActiveCfg = Debug|Any CPU
		{DEF9C4AE-8477-4F6F-AB2E-BF4FE6272957}.Debug|Any CPU.Build.0 = Debug|Any CPU
		{DEF9C4AE-8477-4F6F-AB2E-BF4FE6272957}.Release|Any CPU.ActiveCfg = Release|Any CPU
		{DEF9C4AE-8477-4F6F-AB2E-BF4FE6272957}.Release|Any CPU.Build.0 = Release|Any CPU
		{D025B2AA-FCA9-49C6-8C2A-5D72021A9B87}.Debug|Any CPU.ActiveCfg = Debug|Any CPU
		{D025B2AA-FCA9-49C6-8C2A-5D72021A9B87}.Debug|Any CPU.Build.0 = Debug|Any CPU
		{D025B2AA-FCA9-49C6-8C2A-5D72021A9B87}.Release|Any CPU.ActiveCfg = Release|Any CPU
		{D025B2AA-FCA9-49C6-8C2A-5D72021A9B87}.Release|Any CPU.Build.0 = Release|Any CPU
		{CDD66399-B451-4466-8D9B-9655F3979D50}.Debug|Any CPU.ActiveCfg = Debug|Any CPU
		{CDD66399-B451-4466-8D9B-9655F3979D50}.Debug|Any CPU.Build.0 = Debug|Any CPU
		{CDD66399-B451-4466-8D9B-9655F3979D50}.Release|Any CPU.ActiveCfg = Release|Any CPU
		{CDD66399-B451-4466-8D9B-9655F3979D50}.Release|Any CPU.Build.0 = Release|Any CPU
		{BF07C910-F947-4C8E-8543-42FF5E9EA8FD}.Debug|Any CPU.ActiveCfg = Debug|Any CPU
		{BF07C910-F947-4C8E-8543-42FF5E9EA8FD}.Debug|Any CPU.Build.0 = Debug|Any CPU
		{BF07C910-F947-4C8E-8543-42FF5E9EA8FD}.Release|Any CPU.ActiveCfg = Release|Any CPU
		{BF07C910-F947-4C8E-8543-42FF5E9EA8FD}.Release|Any CPU.Build.0 = Release|Any CPU
		{A58C241E-4A82-439F-9C46-B2B1B24AAB21}.Debug|Any CPU.ActiveCfg = Debug|Any CPU
		{A58C241E-4A82-439F-9C46-B2B1B24AAB21}.Debug|Any CPU.Build.0 = Debug|Any CPU
		{A58C241E-4A82-439F-9C46-B2B1B24AAB21}.Release|Any CPU.ActiveCfg = Release|Any CPU
		{A58C241E-4A82-439F-9C46-B2B1B24AAB21}.Release|Any CPU.Build.0 = Release|Any CPU
		{45A15398-38B6-4AA2-AC2E-6DCFB5245B41}.Debug|Any CPU.ActiveCfg = Debug|Any CPU
		{45A15398-38B6-4AA2-AC2E-6DCFB5245B41}.Debug|Any CPU.Build.0 = Debug|Any CPU
		{45A15398-38B6-4AA2-AC2E-6DCFB5245B41}.Release|Any CPU.ActiveCfg = Release|Any CPU
		{45A15398-38B6-4AA2-AC2E-6DCFB5245B41}.Release|Any CPU.Build.0 = Release|Any CPU
		{7FBCD642-9E77-4169-B888-DE2E159B9E43}.Debug|Any CPU.ActiveCfg = Debug|Any CPU
		{7FBCD642-9E77-4169-B888-DE2E159B9E43}.Debug|Any CPU.Build.0 = Debug|Any CPU
		{7FBCD642-9E77-4169-B888-DE2E159B9E43}.Release|Any CPU.ActiveCfg = Release|Any CPU
		{7FBCD642-9E77-4169-B888-DE2E159B9E43}.Release|Any CPU.Build.0 = Release|Any CPU
		{0F65666B-11CA-4B58-AAF1-A4970554F8F3}.Debug|Any CPU.ActiveCfg = Debug|Any CPU
		{0F65666B-11CA-4B58-AAF1-A4970554F8F3}.Debug|Any CPU.Build.0 = Debug|Any CPU
		{0F65666B-11CA-4B58-AAF1-A4970554F8F3}.Release|Any CPU.ActiveCfg = Release|Any CPU
		{0F65666B-11CA-4B58-AAF1-A4970554F8F3}.Release|Any CPU.Build.0 = Release|Any CPU
		{42BA1E2A-6C55-4809-ABB5-5C35AD3DC4F2}.Debug|Any CPU.ActiveCfg = Debug|Any CPU
		{42BA1E2A-6C55-4809-ABB5-5C35AD3DC4F2}.Debug|Any CPU.Build.0 = Debug|Any CPU
		{42BA1E2A-6C55-4809-ABB5-5C35AD3DC4F2}.Release|Any CPU.ActiveCfg = Release|Any CPU
		{42BA1E2A-6C55-4809-ABB5-5C35AD3DC4F2}.Release|Any CPU.Build.0 = Release|Any CPU
		{BEEE1002-B1FE-4751-A900-DE443A2BD5C4}.Debug|Any CPU.ActiveCfg = Debug|Any CPU
		{BEEE1002-B1FE-4751-A900-DE443A2BD5C4}.Debug|Any CPU.Build.0 = Debug|Any CPU
		{BEEE1002-B1FE-4751-A900-DE443A2BD5C4}.Release|Any CPU.ActiveCfg = Release|Any CPU
		{BEEE1002-B1FE-4751-A900-DE443A2BD5C4}.Release|Any CPU.Build.0 = Release|Any CPU
		{A4708DFE-E4D0-42CE-955A-069C9F0DAF6D}.Debug|Any CPU.ActiveCfg = Debug|Any CPU
		{A4708DFE-E4D0-42CE-955A-069C9F0DAF6D}.Debug|Any CPU.Build.0 = Debug|Any CPU
		{A4708DFE-E4D0-42CE-955A-069C9F0DAF6D}.Release|Any CPU.ActiveCfg = Release|Any CPU
		{A4708DFE-E4D0-42CE-955A-069C9F0DAF6D}.Release|Any CPU.Build.0 = Release|Any CPU
		{E35D1E6C-1BDD-4B69-AE7D-DA11CA1C8C29}.Debug|Any CPU.ActiveCfg = Debug|Any CPU
		{E35D1E6C-1BDD-4B69-AE7D-DA11CA1C8C29}.Debug|Any CPU.Build.0 = Debug|Any CPU
		{E35D1E6C-1BDD-4B69-AE7D-DA11CA1C8C29}.Release|Any CPU.ActiveCfg = Release|Any CPU
		{E35D1E6C-1BDD-4B69-AE7D-DA11CA1C8C29}.Release|Any CPU.Build.0 = Release|Any CPU
	EndGlobalSection
	GlobalSection(SolutionProperties) = preSolution
		HideSolutionNode = FALSE
	EndGlobalSection
	GlobalSection(ExtensibilityGlobals) = postSolution
		SolutionGuid = {F4841656-A67F-4F2B-B38D-9C8F2AF98C8C}
	EndGlobalSection
EndGlobal
